
Microsoft Visual Studio Solution File, Format Version 12.00
# Visual Studio 2017
Project("{FAE04EC0-301F-11D3-BF4B-00C04F79EFBC}") = "TheatreTrouble.Plugins", "TheatreTrouble.Plugins.csproj", "{0DC14F73-1FCA-9C15-E4E5-05D1DF62DAF9}"
EndProject
Project("{FAE04EC0-301F-11D3-BF4B-00C04F79EFBC}") = "TheatreTrouble", "TheatreTrouble.csproj", "{8B984C72-4480-7553-2595-4F4F2EC6BE5A}"
EndProject
Project("{FAE04EC0-301F-11D3-BF4B-00C04F79EFBC}") = "TheatreTrouble.Editor.Plugins", "TheatreTrouble.Editor.Plugins.csproj", "{7A5517A6-095B-9E0B-FC84-B5FBB32F770A}"
EndProject
Global
	GlobalSection(SolutionConfigurationPlatforms) = preSolution
		Debug|Any CPU = Debug|Any CPU
		Release|Any CPU = Release|Any CPU
	EndGlobalSection
	GlobalSection(ProjectConfigurationPlatforms) = postSolution
		{0DC14F73-1FCA-9C15-E4E5-05D1DF62DAF9}.Debug|Any CPU.ActiveCfg = Debug|Any CPU
		{0DC14F73-1FCA-9C15-E4E5-05D1DF62DAF9}.Debug|Any CPU.Build.0 = Debug|Any CPU
		{0DC14F73-1FCA-9C15-E4E5-05D1DF62DAF9}.Release|Any CPU.ActiveCfg = Release|Any CPU
		{0DC14F73-1FCA-9C15-E4E5-05D1DF62DAF9}.Release|Any CPU.Build.0 = Release|Any CPU
		{8B984C72-4480-7553-2595-4F4F2EC6BE5A}.Debug|Any CPU.ActiveCfg = Debug|Any CPU
		{8B984C72-4480-7553-2595-4F4F2EC6BE5A}.Debug|Any CPU.Build.0 = Debug|Any CPU
		{8B984C72-4480-7553-2595-4F4F2EC6BE5A}.Release|Any CPU.ActiveCfg = Release|Any CPU
		{8B984C72-4480-7553-2595-4F4F2EC6BE5A}.Release|Any CPU.Build.0 = Release|Any CPU
		{7A5517A6-095B-9E0B-FC84-B5FBB32F770A}.Debug|Any CPU.ActiveCfg = Debug|Any CPU
		{7A5517A6-095B-9E0B-FC84-B5FBB32F770A}.Debug|Any CPU.Build.0 = Debug|Any CPU
		{7A5517A6-095B-9E0B-FC84-B5FBB32F770A}.Release|Any CPU.ActiveCfg = Release|Any CPU
		{7A5517A6-095B-9E0B-FC84-B5FBB32F770A}.Release|Any CPU.Build.0 = Release|Any CPU
	EndGlobalSection
	GlobalSection(SolutionProperties) = preSolution
		HideSolutionNode = FALSE
	EndGlobalSection
EndGlobal
