
Microsoft Visual Studio Solution File, Format Version 12.00
# Visual Studio 2017
Project("{FAE04EC0-301F-11D3-BF4B-00C04F79EFBC}") = "TheatreTrouble", "TheatreTrouble.csproj", "{8B984C72-4480-7553-2595-4F4F2EC6BE5A}"
EndProject
Global
	GlobalSection(SolutionConfigurationPlatforms) = preSolution
		Debug|Any CPU = Debug|Any CPU
		Release|Any CPU = Release|Any CPU
	EndGlobalSection
	GlobalSection(ProjectConfigurationPlatforms) = postSolution
		{8B984C72-4480-7553-2595-4F4F2EC6BE5A}.Debug|Any CPU.ActiveCfg = Debug|Any CPU
		{8B984C72-4480-7553-2595-4F4F2EC6BE5A}.Debug|Any CPU.Build.0 = Debug|Any CPU
		{8B984C72-4480-7553-2595-4F4F2EC6BE5A}.Release|Any CPU.ActiveCfg = Release|Any CPU
		{8B984C72-4480-7553-2595-4F4F2EC6BE5A}.Release|Any CPU.Build.0 = Release|Any CPU
	EndGlobalSection
	GlobalSection(SolutionProperties) = preSolution
		HideSolutionNode = FALSE
	EndGlobalSection
EndGlobal
